{
  "name": "miniprogram",
  "version": "1.0.0",
  "lockfileVersion": 1,
  "requires": true,
  "dependencies": {
    "@vant/weapp": {
      "version": "1.0.0-beta.4",
      "resolved": "https://registry.npmjs.org/@vant/weapp/-/weapp-1.0.0-beta.4.tgz",
      "integrity": "sha512-gYWv3BV12y2Lo8TbKy6BptsON1SvRsMuNpLD7ZhrbQI2OZMIVFt/usDEq30+Q14J9vb4CiBYERQMla4X/WV5Ug=="
    },
    "vant-weapp": {
      "version": "0.5.25",
      "resolved": "https://registry.npmjs.org/vant-weapp/-/vant-weapp-0.5.25.tgz",
      "integrity": "sha512-fQPq9RwsgkXX+n2O0CMzH24stsnB+AidoqlMfU+JrkanmmTKiZ2kcJw8U+Pla0KPRx0bW8WUbvw8kOSQQgKWsQ=="
    }
  }
}
